
Microsoft Visual Studio Solution File, Format Version 12.00
# Visual Studio Version 17
VisualStudioVersion = 17.2.32616.157
MinimumVisualStudioVersion = 10.0.40219.1
Project("{FAE04EC0-301F-11D3-BF4B-00C04F79EFBC}") = "ShootingGame_kym", "ShootingGame_kym\ShootingGame_kym.csproj", "{05338A8C-6042-456A-AAE8-3A0527494826}"
EndProject
Global
	GlobalSection(SolutionConfigurationPlatforms) = preSolution
		Debug|Any CPU = Debug|Any CPU
		Release|Any CPU = Release|Any CPU
	EndGlobalSection
	GlobalSection(ProjectConfigurationPlatforms) = postSolution
		{05338A8C-6042-456A-AAE8-3A0527494826}.Debug|Any CPU.ActiveCfg = Debug|Any CPU
		{05338A8C-6042-456A-AAE8-3A0527494826}.Debug|Any CPU.Build.0 = Debug|Any CPU
		{05338A8C-6042-456A-AAE8-3A0527494826}.Release|Any CPU.ActiveCfg = Release|Any CPU
		{05338A8C-6042-456A-AAE8-3A0527494826}.Release|Any CPU.Build.0 = Release|Any CPU
	EndGlobalSection
	GlobalSection(SolutionProperties) = preSolution
		HideSolutionNode = FALSE
	EndGlobalSection
	GlobalSection(ExtensibilityGlobals) = postSolution
		SolutionGuid = {53507EE9-B71E-46D4-95C0-EFE3416E43FF}
	EndGlobalSection
EndGlobal
